// !$*UTF8*$!
{
	archiveVersion = 1;
	classes = {
	};
	objectVersion = 46;
	objects = {

/* Begin PBXBuildFile section */
		630DF41A1DB7843D00B5784C /* CustomTableViewCell.m in Sources */ = {isa = PBXBuildFile; fileRef = 630DF4191DB7843D00B5784C /* CustomTableViewCell.m */; };
		6BD2B54E1DB4D36F0096DA46 /* main.m in Sources */ = {isa = PBXBuildFile; fileRef = 6BD2B54D1DB4D36F0096DA46 /* main.m */; };
		6BD2B5511DB4D36F0096DA46 /* AppDelegate.m in Sources */ = {isa = PBXBuildFile; fileRef = 6BD2B5501DB4D36F0096DA46 /* AppDelegate.m */; };
		6BD2B5541DB4D36F0096DA46 /* ViewController.m in Sources */ = {isa = PBXBuildFile; fileRef = 6BD2B5531DB4D36F0096DA46 /* ViewController.m */; };
		6BD2B5571DB4D36F0096DA46 /* Main.storyboard in Resources */ = {isa = PBXBuildFile; fileRef = 6BD2B5551DB4D36F0096DA46 /* Main.storyboard */; };
		6BD2B5591DB4D36F0096DA46 /* Assets.xcassets in Resources */ = {isa = PBXBuildFile; fileRef = 6BD2B5581DB4D36F0096DA46 /* Assets.xcassets */; };
		6BD2B55C1DB4D36F0096DA46 /* LaunchScreen.storyboard in Resources */ = {isa = PBXBuildFile; fileRef = 6BD2B55A1DB4D36F0096DA46 /* LaunchScreen.storyboard */; };
		6BD2B5641DB4EA460096DA46 /* MapKit.framework in Frameworks */ = {isa = PBXBuildFile; fileRef = 6BD2B5631DB4EA460096DA46 /* MapKit.framework */; };
		6BD2B5661DB4EA5C0096DA46 /* CoreLocation.framework in Frameworks */ = {isa = PBXBuildFile; fileRef = 6BD2B5651DB4EA5C0096DA46 /* CoreLocation.framework */; };
/* End PBXBuildFile section */

/* Begin PBXFileReference section */
		630DF4181DB7843D00B5784C /* CustomTableViewCell.h */ = {isa = PBXFileReference; fileEncoding = 4; lastKnownFileType = sourcecode.c.h; path = CustomTableViewCell.h; sourceTree = "<group>"; };
		630DF4191DB7843D00B5784C /* CustomTableViewCell.m */ = {isa = PBXFileReference; fileEncoding = 4; lastKnownFileType = sourcecode.c.objc; path = CustomTableViewCell.m; sourceTree = "<group>"; };
		6BD2B5491DB4D36F0096DA46 /* JCWeather App.app */ = {isa = PBXFileReference; explicitFileType = wrapper.application; includeInIndex = 0; path = "JCWeather App.app"; sourceTree = BUILT_PRODUCTS_DIR; };
		6BD2B54D1DB4D36F0096DA46 /* main.m */ = {isa = PBXFileReference; lastKnownFileType = sourcecode.c.objc; path = main.m; sourceTree = "<group>"; };
		6BD2B54F1DB4D36F0096DA46 /* AppDelegate.h */ = {isa = PBXFileReference; lastKnownFileType = sourcecode.c.h; path = AppDelegate.h; sourceTree = "<group>"; };
		6BD2B5501DB4D36F0096DA46 /* AppDelegate.m */ = {isa = PBXFileReference; lastKnownFileType = sourcecode.c.objc; path = AppDelegate.m; sourceTree = "<group>"; };
		6BD2B5521DB4D36F0096DA46 /* ViewController.h */ = {isa = PBXFileReference; lastKnownFileType = sourcecode.c.h; path = ViewController.h; sourceTree = "<group>"; };
		6BD2B5531DB4D36F0096DA46 /* ViewController.m */ = {isa = PBXFileReference; lastKnownFileType = sourcecode.c.objc; path = ViewController.m; sourceTree = "<group>"; };
		6BD2B5561DB4D36F0096DA46 /* Base */ = {isa = PBXFileReference; lastKnownFileType = file.storyboard; name = Base; path = Base.lproj/Main.storyboard; sourceTree = "<group>"; };
		6BD2B5581DB4D36F0096DA46 /* Assets.xcassets */ = {isa = PBXFileReference; lastKnownFileType = folder.assetcatalog; path = Assets.xcassets; sourceTree = "<group>"; };
		6BD2B55B1DB4D36F0096DA46 /* Base */ = {isa = PBXFileReference; lastKnownFileType = file.storyboard; name = Base; path = Base.lproj/LaunchScreen.storyboard; sourceTree = "<group>"; };
		6BD2B55D1DB4D36F0096DA46 /* Info.plist */ = {isa = PBXFileReference; lastKnownFileType = text.plist.xml; path = Info.plist; sourceTree = "<group>"; };
		6BD2B5631DB4EA460096DA46 /* MapKit.framework */ = {isa = PBXFileReference; lastKnownFileType = wrapper.framework; name = MapKit.framework; path = System/Library/Frameworks/MapKit.framework; sourceTree = SDKROOT; };
		6BD2B5651DB4EA5C0096DA46 /* CoreLocation.framework */ = {isa = PBXFileReference; lastKnownFileType = wrapper.framework; name = CoreLocation.framework; path = System/Library/Frameworks/CoreLocation.framework; sourceTree = SDKROOT; };
/* End PBXFileReference section */

/* Begin PBXFrameworksBuildPhase section */
		6BD2B5461DB4D36F0096DA46 /* Frameworks */ = {
			isa = PBXFrameworksBuildPhase;
			buildActionMask = 2147483647;
			files = (
				6BD2B5661DB4EA5C0096DA46 /* CoreLocation.framework in Frameworks */,
				6BD2B5641DB4EA460096DA46 /* MapKit.framework in Frameworks */,
			);
			runOnlyForDeploymentPostprocessing = 0;
		};
/* End PBXFrameworksBuildPhase section */

/* Begin PBXGroup section */
		6BD2B5401DB4D36F0096DA46 = {
			isa = PBXGroup;
			children = (
				6BD2B5651DB4EA5C0096DA46 /* CoreLocation.framework */,
				6BD2B5631DB4EA460096DA46 /* MapKit.framework */,
				6BD2B54B1DB4D36F0096DA46 /* JCWeather App */,
				6BD2B54A1DB4D36F0096DA46 /* Products */,
			);
			sourceTree = "<group>";
		};
		6BD2B54A1DB4D36F0096DA46 /* Products */ = {
			isa = PBXGroup;
			children = (
				6BD2B5491DB4D36F0096DA46 /* JCWeather App.app */,
			);
			name = Products;
			sourceTree = "<group>";
		};
		6BD2B54B1DB4D36F0096DA46 /* JCWeather App */ = {
			isa = PBXGroup;
			children = (
				6BD2B54F1DB4D36F0096DA46 /* AppDelegate.h */,
				6BD2B5501DB4D36F0096DA46 /* AppDelegate.m */,
				6BD2B5521DB4D36F0096DA46 /* ViewController.h */,
				6BD2B5531DB4D36F0096DA46 /* ViewController.m */,
				630DF4181DB7843D00B5784C /* CustomTableViewCell.h */,
				630DF4191DB7843D00B5784C /* CustomTableViewCell.m */,
				6BD2B5551DB4D36F0096DA46 /* Main.storyboard */,
				6BD2B5581DB4D36F0096DA46 /* Assets.xcassets */,
				6BD2B55A1DB4D36F0096DA46 /* LaunchScreen.storyboard */,
				6BD2B55D1DB4D36F0096DA46 /* Info.plist */,
				6BD2B54C1DB4D36F0096DA46 /* Supporting Files */,
			);
			path = "JCWeather App";
			sourceTree = "<group>";
		};
		6BD2B54C1DB4D36F0096DA46 /* Supporting Files */ = {
			isa = PBXGroup;
			children = (
				6BD2B54D1DB4D36F0096DA46 /* main.m */,
			);
			name = "Supporting Files";
			sourceTree = "<group>";
		};
/* End PBXGroup section */

/* Begin PBXNativeTarget section */
		6BD2B5481DB4D36F0096DA46 /* JCWeather App */ = {
			isa = PBXNativeTarget;
			buildConfigurationList = 6BD2B5601DB4D36F0096DA46 /* Build configuration list for PBXNativeTarget "JCWeather App" */;
			buildPhases = (
				6BD2B5451DB4D36F0096DA46 /* Sources */,
				6BD2B5461DB4D36F0096DA46 /* Frameworks */,
				6BD2B5471DB4D36F0096DA46 /* Resources */,
			);
			buildRules = (
			);
			dependencies = (
			);
			name = "JCWeather App";
			productName = "JCWeather App";
			productReference = 6BD2B5491DB4D36F0096DA46 /* JCWeather App.app */;
			productType = "com.apple.product-type.application";
		};
/* End PBXNativeTarget section */

/* Begin PBXProject section */
		6BD2B5411DB4D36F0096DA46 /* Project object */ = {
			isa = PBXProject;
			attributes = {
				LastUpgradeCheck = 0730;
				ORGANIZATIONNAME = "Jivan Chaudhari";
				TargetAttributes = {
					6BD2B5481DB4D36F0096DA46 = {
						CreatedOnToolsVersion = 7.3.1;
					};
				};
			};
			buildConfigurationList = 6BD2B5441DB4D36F0096DA46 /* Build configuration list for PBXProject "JCWeather App" */;
			compatibilityVersion = "Xcode 3.2";
			developmentRegion = English;
			hasScannedForEncodings = 0;
			knownRegions = (
				en,
				Base,
			);
			mainGroup = 6BD2B5401DB4D36F0096DA46;
			productRefGroup = 6BD2B54A1DB4D36F0096DA46 /* Products */;
			projectDirPath = "";
			projectRoot = "";
			targets = (
				6BD2B5481DB4D36F0096DA46 /* JCWeather App */,
			);
		};
/* End PBXProject section */

/* Begin PBXResourcesBuildPhase section */
		6BD2B5471DB4D36F0096DA46 /* Resources */ = {
			isa = PBXResourcesBuildPhase;
			buildActionMask = 2147483647;
			files = (
				6BD2B55C1DB4D36F0096DA46 /* LaunchScreen.storyboard in Resources */,
				6BD2B5591DB4D36F0096DA46 /* Assets.xcassets in Resources */,
				6BD2B5571DB4D36F0096DA46 /* Main.storyboard in Resources */,
			);
			runOnlyForDeploymentPostprocessing = 0;
		};
/* End PBXResourcesBuildPhase section */

/* Begin PBXSourcesBuildPhase section */
		6BD2B5451DB4D36F0096DA46 /* Sources */ = {
			isa = PBXSourcesBuildPhase;
			buildActionMask = 2147483647;
			files = (
				6BD2B5541DB4D36F0096DA46 /* ViewController.m in Sources */,
				6BD2B5511DB4D36F0096DA46 /* AppDelegate.m in Sources */,
				630DF41A1DB7843D00B5784C /* CustomTableViewCell.m in Sources */,
				6BD2B54E1DB4D36F0096DA46 /* main.m in Sources */,
			);
			runOnlyForDeploymentPostprocessing = 0;
		};
/* End PBXSourcesBuildPhase section */

/* Begin PBXVariantGroup section */
		6BD2B5551DB4D36F0096DA46 /* Main.storyboard */ = {
			isa = PBXVariantGroup;
			children = (
				6BD2B5561DB4D36F0096DA46 /* Base */,
			);
			name = Main.storyboard;
			sourceTree = "<group>";
		};
		6BD2B55A1DB4D36F0096DA46 /* LaunchScreen.storyboard */ = {
			isa = PBXVariantGroup;
			children = (
				6BD2B55B1DB4D36F0096DA46 /* Base */,
			);
			name = LaunchScreen.storyboard;
			sourceTree = "<group>";
		};
/* End PBXVariantGroup section */

/* Begin XCBuildConfiguration section */
		6BD2B55E1DB4D36F0096DA46 /* Debug */ = {
			isa = XCBuildConfiguration;
			buildSettings = {
				ALWAYS_SEARCH_USER_PATHS = NO;
				CLANG_ANALYZER_NONNULL = YES;
				CLANG_CXX_LANGUAGE_STANDARD = "gnu++0x";
				CLANG_CXX_LIBRARY = "libc++";
				CLANG_ENABLE_MODULES = YES;
				CLANG_ENABLE_OBJC_ARC = YES;
				CLANG_WARN_BOOL_CONVERSION = YES;
				CLANG_WARN_CONSTANT_CONVERSION = YES;
				CLANG_WARN_DIRECT_OBJC_ISA_USAGE = YES_ERROR;
				CLANG_WARN_EMPTY_BODY = YES;
				CLANG_WARN_ENUM_CONVERSION = YES;
				CLANG_WARN_INT_CONVERSION = YES;
				CLANG_WARN_OBJC_ROOT_CLASS = YES_ERROR;
				CLANG_WARN_UNREACHABLE_CODE = YES;
				CLANG_WARN__DUPLICATE_METHOD_MATCH = YES;
				"CODE_SIGN_IDENTITY[sdk=iphoneos*]" = "iPhone Developer";
				COPY_PHASE_STRIP = NO;
				DEBUG_INFORMATION_FORMAT = dwarf;
				ENABLE_STRICT_OBJC_MSGSEND = YES;
				ENABLE_TESTABILITY = YES;
				GCC_C_LANGUAGE_STANDARD = gnu99;
				GCC_DYNAMIC_NO_PIC = NO;
				GCC_NO_COMMON_BLOCKS = YES;
				GCC_OPTIMIZATION_LEVEL = 0;
				GCC_PREPROCESSOR_DEFINITIONS = (
					"DEBUG=1",
					"$(inherited)",
				);
				GCC_WARN_64_TO_32_BIT_CONVERSION = YES;
				GCC_WARN_ABOUT_RETURN_TYPE = YES_ERROR;
				GCC_WARN_UNDECLARED_SELECTOR = YES;
				GCC_WARN_UNINITIALIZED_AUTOS = YES_AGGRESSIVE;
				GCC_WARN_UNUSED_FUNCTION = YES;
				GCC_WARN_UNUSED_VARIABLE = YES;
				IPHONEOS_DEPLOYMENT_TARGET = 9.3;
				MTL_ENABLE_DEBUG_INFO = YES;
				ONLY_ACTIVE_ARCH = YES;
				SDKROOT = iphoneos;
				TARGETED_DEVICE_FAMILY = "1,2";
			};
			name = Debug;
		};
		6BD2B55F1DB4D36F0096DA46 /* Release */ = {
			isa = XCBuildConfiguration;
			buildSettings = {
				ALWAYS_SEARCH_USER_PATHS = NO;
				CLANG_ANALYZER_NONNULL = YES;
				CLANG_CXX_LANGUAGE_STANDARD = "gnu++0x";
				CLANG_CXX_LIBRARY = "libc++";
				CLANG_ENABLE_MODULES = YES;
				CLANG_ENABLE_OBJC_ARC = YES;
				CLANG_WARN_BOOL_CONVERSION = YES;
				CLANG_WARN_CONSTANT_CONVERSION = YES;
				CLANG_WARN_DIRECT_OBJC_ISA_USAGE = YES_ERROR;
				CLANG_WARN_EMPTY_BODY = YES;
				CLANG_WARN_ENUM_CONVERSION = YES;
				CLANG_WARN_INT_CONVERSION = YES;
				CLANG_WARN_OBJC_ROOT_CLASS = YES_ERROR;
				CLANG_WARN_UNREACHABLE_CODE = YES;
				CLANG_WARN__DUPLICATE_METHOD_MATCH = YES;
				"CODE_SIGN_IDENTITY[sdk=iphoneos*]" = "iPhone Developer";
				COPY_PHASE_STRIP = NO;
				DEBUG_INFORMATION_FORMAT = "dwarf-with-dsym";
				ENABLE_NS_ASSERTIONS = NO;
				ENABLE_STRICT_OBJC_MSGSEND = YES;
				GCC_C_LANGUAGE_STANDARD = gnu99;
				GCC_NO_COMMON_BLOCKS = YES;
				GCC_WARN_64_TO_32_BIT_CONVERSION = YES;
				GCC_WARN_ABOUT_RETURN_TYPE = YES_ERROR;
				GCC_WARN_UNDECLARED_SELECTOR = YES;
				GCC_WARN_UNINITIALIZED_AUTOS = YES_AGGRESSIVE;
				GCC_WARN_UNUSED_FUNCTION = YES;
				GCC_WARN_UNUSED_VARIABLE = YES;
				IPHONEOS_DEPLOYMENT_TARGET = 9.3;
				MTL_ENABLE_DEBUG_INFO = NO;
				SDKROOT = iphoneos;
				TARGETED_DEVICE_FAMILY = "1,2";
				VALIDATE_PRODUCT = YES;
			};
			name = Release;
		};
		6BD2B5611DB4D36F0096DA46 /* Debug */ = {
			isa = XCBuildConfiguration;
			buildSettings = {
				ASSETCATALOG_COMPILER_APPICON_NAME = AppIcon;
				INFOPLIST_FILE = "JCWeather App/Info.plist";
				LD_RUNPATH_SEARCH_PATHS = "$(inherited) @executable_path/Frameworks";
				PRODUCT_BUNDLE_IDENTIFIER = "com.jivanchaudhri.JCWeather-App";
				PRODUCT_NAME = "$(TARGET_NAME)";
			};
			name = Debug;
		};
		6BD2B5621DB4D36F0096DA46 /* Release */ = {
			isa = XCBuildConfiguration;
			buildSettings = {
				ASSETCATALOG_COMPILER_APPICON_NAME = AppIcon;
				INFOPLIST_FILE = "JCWeather App/Info.plist";
				LD_RUNPATH_SEARCH_PATHS = "$(inherited) @executable_path/Frameworks";
				PRODUCT_BUNDLE_IDENTIFIER = "com.jivanchaudhri.JCWeather-App";
				PRODUCT_NAME = "$(TARGET_NAME)";
			};
			name = Release;
		};
/* End XCBuildConfiguration section */

/* Begin XCConfigurationList section */
		6BD2B5441DB4D36F0096DA46 /* Build configuration list for PBXProject "JCWeather App" */ = {
			isa = XCConfigurationList;
			buildConfigurations = (
				6BD2B55E1DB4D36F0096DA46 /* Debug */,
				6BD2B55F1DB4D36F0096DA46 /* Release */,
			);
			defaultConfigurationIsVisible = 0;
			defaultConfigurationName = Release;
		};
		6BD2B5601DB4D36F0096DA46 /* Build configuration list for PBXNativeTarget "JCWeather App" */ = {
			isa = XCConfigurationList;
			buildConfigurations = (
				6BD2B5611DB4D36F0096DA46 /* Debug */,
				6BD2B5621DB4D36F0096DA46 /* Release */,
			);
			defaultConfigurationIsVisible = 0;
			defaultConfigurationName = Release;
		};
/* End XCConfigurationList section */
	};
	rootObject = 6BD2B5411DB4D36F0096DA46 /* Project object */;
}
